
Microsoft Visual Studio Solution File, Format Version 12.00
# Visual Studio Version 17
VisualStudioVersion = 17.8.34511.84
MinimumVisualStudioVersion = 10.0.40219.1
Project("{9A19103F-16F7-4668-BE54-9A1E7A4F7556}") = "Academia_CRUD", "Academia_CRUD.csproj", "{4C746A1D-D7C8-427F-BCBC-5CDF5A9DAE14}"
EndProject
Global
	GlobalSection(SolutionConfigurationPlatforms) = preSolution
		Debug|Any CPU = Debug|Any CPU
		Release|Any CPU = Release|Any CPU
	EndGlobalSection
	GlobalSection(ProjectConfigurationPlatforms) = postSolution
		{4C746A1D-D7C8-427F-BCBC-5CDF5A9DAE14}.Debug|Any CPU.ActiveCfg = Debug|Any CPU
		{4C746A1D-D7C8-427F-BCBC-5CDF5A9DAE14}.Debug|Any CPU.Build.0 = Debug|Any CPU
		{4C746A1D-D7C8-427F-BCBC-5CDF5A9DAE14}.Release|Any CPU.ActiveCfg = Release|Any CPU
		{4C746A1D-D7C8-427F-BCBC-5CDF5A9DAE14}.Release|Any CPU.Build.0 = Release|Any CPU
	EndGlobalSection
	GlobalSection(SolutionProperties) = preSolution
		HideSolutionNode = FALSE
	EndGlobalSection
	GlobalSection(ExtensibilityGlobals) = postSolution
		SolutionGuid = {FAE7A8E2-6800-44AB-B4BA-CB87BF93CC2A}
	EndGlobalSection
EndGlobal
